goframework.io/config v1.0.0 h1:dwkcOBC6xJ00+P8r1lIeet/4NkSHdiNAIx1NE/SadqE=
goframework.io/config v1.0.0/go.mod h1:NSq4x6x6Mzuq+isqh0IDM40p5euGJEcdr+2GLor9jbk=
goframework.io/extend-filex v1.0.0 h1:dyd0iA8gg60+liD+KET5NsGM4890Q8w7Eu+8zG5stes=
goframework.io/extend-filex v1.0.0/go.mod h1:QYGyRi469BSc4uKSWV9QJNt9QDlgrwe6g2OySWacImg=
goframework.io/logging-formatters-timerfc3339nano v1.0.0 h1:Bgq6mdyDAFY6DDcLCnmU6sF2tQc3nZrbTn4MCnFdjO8=
goframework.io/logging-formatters-timerfc3339nano v1.0.0/go.mod h1:UHWjqzD7NeLem+OLrrdwBe7Pd5uYrayAtbdGyipHHsc=
goframework.io/logging-mixers-logtolevel v1.0.0 h1:899/FCULwV5HtBRdpinqEmHQy26+XD75neTbY8QP8uY=
goframework.io/logging-mixers-logtolevel v1.0.0/go.mod h1:9loRFnlwyGSNHsWDnxrU9X0Zk9wrw1S3SY/gzdzbnYI=
goframework.io/logging-persisters-console v1.0.0 h1:XuMBEvhv2yXisDG6K4+mjoDZ0IyWOk7IVHxJgSOJaBY=
goframework.io/logging-persisters-console v1.0.0/go.mod h1:PEXgyRZx90iicMVx/MyKUBMmGWnvl3jjTBXH85IxzD4=
goframework.io/logging-persisters-file v1.0.0 h1:bAKuP9q+rY8YVdAbljMecx0Rip9eaFseyrkhnm2nGuc=
goframework.io/logging-persisters-file v1.0.0/go.mod h1:DFgJQWW7PDgit6puwEnxg5RbNrAiWYJ0lsBJN+P/Ovo=
goframework.io/logging-spec v1.0.0 h1:9zN6gqblDINctcmuUN2VNPEgp1ShToN+64E0RwGmSUM=
goframework.io/logging-spec v1.0.0/go.mod h1:Q7Z6u2Z8Ps4I+nNaGj8jzExvKbGNTe2YLYz/p3RYjaQ=
goframework.io/logging-styles-classic v1.0.0 h1:62l5yfZsli9zz9K+Q+b5wSEvPoTbVmm4E/hHoQjnRdc=
goframework.io/logging-styles-classic v1.0.0/go.mod h1:gLxZ5twkBa6ClPM2/9DzAATJEH2eqMUzCL8VVU1uc5s=
goframework.io/networking-http v1.0.0 h1:9Fb0WLARj1DrvnNXD5awu6bkIjmmTerBSmBuPXFQqf0=
goframework.io/networking-http v1.0.0/go.mod h1:Mat9D8W1JDJHTRoSz9LFgXy3ujh0pVY/+8nykkzwkc0=
